
Microsoft Visual Studio Solution File, Format Version 12.00
Project("{FAE04EC0-301F-11D3-BF4B-00C04F79EFBC}") = "Brainfuck-JIT", "Brainfuck-JIT\Brainfuck-JIT.csproj", "{987165BD-EFC3-4E22-9708-A6AD0B4F3F0F}"
EndProject
Global
	GlobalSection(SolutionConfigurationPlatforms) = preSolution
		Debug|Any CPU = Debug|Any CPU
		Release|Any CPU = Release|Any CPU
	EndGlobalSection
	GlobalSection(ProjectConfigurationPlatforms) = postSolution
		{987165BD-EFC3-4E22-9708-A6AD0B4F3F0F}.Debug|Any CPU.ActiveCfg = Debug|Any CPU
		{987165BD-EFC3-4E22-9708-A6AD0B4F3F0F}.Debug|Any CPU.Build.0 = Debug|Any CPU
		{987165BD-EFC3-4E22-9708-A6AD0B4F3F0F}.Release|Any CPU.ActiveCfg = Release|Any CPU
		{987165BD-EFC3-4E22-9708-A6AD0B4F3F0F}.Release|Any CPU.Build.0 = Release|Any CPU
	EndGlobalSection
EndGlobal
